
Microsoft Visual Studio Solution File, Format Version 12.00
# Visual Studio Version 17
VisualStudioVersion = 17.8.34511.84
MinimumVisualStudioVersion = 10.0.40219.1
Project("{FAE04EC0-301F-11D3-BF4B-00C04F79EFBC}") = "BetterRecipe", "BetterRecipe.csproj", "{071A1A82-8D70-45BE-AD3F-E9E1172DE257}"
EndProject
Global
	GlobalSection(SolutionConfigurationPlatforms) = preSolution
		Debug|Any CPU = Debug|Any CPU
		Release|Any CPU = Release|Any CPU
	EndGlobalSection
	GlobalSection(ProjectConfigurationPlatforms) = postSolution
		{071A1A82-8D70-45BE-AD3F-E9E1172DE257}.Debug|Any CPU.ActiveCfg = Debug|Any CPU
		{071A1A82-8D70-45BE-AD3F-E9E1172DE257}.Debug|Any CPU.Build.0 = Debug|Any CPU
		{071A1A82-8D70-45BE-AD3F-E9E1172DE257}.Release|Any CPU.ActiveCfg = Release|Any CPU
		{071A1A82-8D70-45BE-AD3F-E9E1172DE257}.Release|Any CPU.Build.0 = Release|Any CPU
	EndGlobalSection
	GlobalSection(SolutionProperties) = preSolution
		HideSolutionNode = FALSE
	EndGlobalSection
	GlobalSection(ExtensibilityGlobals) = postSolution
		SolutionGuid = {0E4AB0D0-A9AE-4973-94BE-2297288E0E34}
	EndGlobalSection
EndGlobal
